PODS:
  - MBNetworking (1.0.0)

DEPENDENCIES:
  - MBNetworking (from `https://gitlab.mumbleserver.it/iOS/mb-networking`)

EXTERNAL SOURCES:
  MBNetworking:
    :git: https://gitlab.mumbleserver.it/iOS/mb-networking

CHECKOUT OPTIONS:
  MBNetworking:
    :commit: 1b1dbadb034d51b478c12fb995bb90184b8f3f26
    :git: https://gitlab.mumbleserver.it/iOS/mb-networking

SPEC CHECKSUMS:
  MBNetworking: 5b094449a22d76d8dcf33c2c956dc130f49c15bf

PODFILE CHECKSUM: c95f7a2dccccf7202349687de3d1f7c3531299da

COCOAPODS: 1.8.4
